
Microsoft Visual Studio Solution File, Format Version 12.00
# Visual Studio Version 17
VisualStudioVersion = 17.13.35825.156 d17.13
MinimumVisualStudioVersion = 10.0.40219.1
Project("{FAE04EC0-301F-11D3-BF4B-00C04F79EFBC}") = "DataValidationProject", "DataValidationProject.csproj", "{74F026E9-0734-4ED8-AAAF-F0E0A8C0B1E9}"
EndProject
Global
	GlobalSection(SolutionConfigurationPlatforms) = preSolution
		Debug|Any CPU = Debug|Any CPU
		Release|Any CPU = Release|Any CPU
	EndGlobalSection
	GlobalSection(ProjectConfigurationPlatforms) = postSolution
		{74F026E9-0734-4ED8-AAAF-F0E0A8C0B1E9}.Debug|Any CPU.ActiveCfg = Debug|Any CPU
		{74F026E9-0734-4ED8-AAAF-F0E0A8C0B1E9}.Debug|Any CPU.Build.0 = Debug|Any CPU
		{74F026E9-0734-4ED8-AAAF-F0E0A8C0B1E9}.Release|Any CPU.ActiveCfg = Release|Any CPU
		{74F026E9-0734-4ED8-AAAF-F0E0A8C0B1E9}.Release|Any CPU.Build.0 = Release|Any CPU
	EndGlobalSection
	GlobalSection(SolutionProperties) = preSolution
		HideSolutionNode = FALSE
	EndGlobalSection
	GlobalSection(ExtensibilityGlobals) = postSolution
		SolutionGuid = {29604984-0A1B-47E6-86A8-2A9D341BA99C}
	EndGlobalSection
EndGlobal
